
Microsoft Visual Studio Solution File, Format Version 12.00
# Visual Studio Version 17
VisualStudioVersion = 17.0.31903.59
MinimumVisualStudioVersion = 10.0.40219.1
Project("{FAE04EC0-301F-11D3-BF4B-00C04F79EFBC}") = "TacticalRPG.Core", "TacticalRPG.Core\TacticalRPG.Core.csproj", "{C0B5D1CE-A4A1-4BC0-952A-EF1246AA704C}"
EndProject
Project("{FAE04EC0-301F-11D3-BF4B-00C04F79EFBC}") = "TacticalRPG.Implementation", "TacticalRPG.Implementation\TacticalRPG.Implementation.csproj", "{8A360FA1-45DB-45E6-8BC4-8505D1CCDE4E}"
EndProject
Project("{FAE04EC0-301F-11D3-BF4B-00C04F79EFBC}") = "TacticalRPG.ConsoleApp", "TacticalRPG.ConsoleApp\TacticalRPG.ConsoleApp.csproj", "{4455D875-7E89-403D-810E-DB4167B21A4B}"
EndProject
Global
	GlobalSection(SolutionConfigurationPlatforms) = preSolution
		Debug|Any CPU = Debug|Any CPU
		Release|Any CPU = Release|Any CPU
	EndGlobalSection
	GlobalSection(SolutionProperties) = preSolution
		HideSolutionNode = FALSE
	EndGlobalSection
	GlobalSection(ProjectConfigurationPlatforms) = postSolution
		{C0B5D1CE-A4A1-4BC0-952A-EF1246AA704C}.Debug|Any CPU.ActiveCfg = Debug|Any CPU
		{C0B5D1CE-A4A1-4BC0-952A-EF1246AA704C}.Debug|Any CPU.Build.0 = Debug|Any CPU
		{C0B5D1CE-A4A1-4BC0-952A-EF1246AA704C}.Release|Any CPU.ActiveCfg = Release|Any CPU
		{C0B5D1CE-A4A1-4BC0-952A-EF1246AA704C}.Release|Any CPU.Build.0 = Release|Any CPU
		{8A360FA1-45DB-45E6-8BC4-8505D1CCDE4E}.Debug|Any CPU.ActiveCfg = Debug|Any CPU
		{8A360FA1-45DB-45E6-8BC4-8505D1CCDE4E}.Debug|Any CPU.Build.0 = Debug|Any CPU
		{8A360FA1-45DB-45E6-8BC4-8505D1CCDE4E}.Release|Any CPU.ActiveCfg = Release|Any CPU
		{8A360FA1-45DB-45E6-8BC4-8505D1CCDE4E}.Release|Any CPU.Build.0 = Release|Any CPU
		{4455D875-7E89-403D-810E-DB4167B21A4B}.Debug|Any CPU.ActiveCfg = Debug|Any CPU
		{4455D875-7E89-403D-810E-DB4167B21A4B}.Debug|Any CPU.Build.0 = Debug|Any CPU
		{4455D875-7E89-403D-810E-DB4167B21A4B}.Release|Any CPU.ActiveCfg = Release|Any CPU
		{4455D875-7E89-403D-810E-DB4167B21A4B}.Release|Any CPU.Build.0 = Release|Any CPU
	EndGlobalSection
EndGlobal
